
Microsoft Visual Studio Solution File, Format Version 12.00
# Visual Studio 15
VisualStudioVersion = 15.0.26730.12
MinimumVisualStudioVersion = 15.0.26124.0
Project("{2150E333-8FDC-42A3-9474-1A3956D46DE8}") = "src", "src", "{9E878D57-28E2-4B6A-A24D-42C95F7A4B7F}"
EndProject
Project("{9A19103F-16F7-4668-BE54-9A1E7A4F7556}") = "Docker.WatchForwarder", "src\Docker.WatchForwarder\Docker.WatchForwarder.csproj", "{B0AD3E05-2751-467C-B71E-3CD641F4CBBB}"
EndProject
Global
	GlobalSection(SolutionConfigurationPlatforms) = preSolution
		Debug|Any CPU = Debug|Any CPU
		Debug|x64 = Debug|x64
		Debug|x86 = Debug|x86
		Release|Any CPU = Release|Any CPU
		Release|x64 = Release|x64
		Release|x86 = Release|x86
	EndGlobalSection
	GlobalSection(ProjectConfigurationPlatforms) = postSolution
		{B0AD3E05-2751-467C-B71E-3CD641F4CBBB}.Debug|Any CPU.ActiveCfg = Debug|Any CPU
		{B0AD3E05-2751-467C-B71E-3CD641F4CBBB}.Debug|Any CPU.Build.0 = Debug|Any CPU
		{B0AD3E05-2751-467C-B71E-3CD641F4CBBB}.Debug|x64.ActiveCfg = Debug|Any CPU
		{B0AD3E05-2751-467C-B71E-3CD641F4CBBB}.Debug|x64.Build.0 = Debug|Any CPU
		{B0AD3E05-2751-467C-B71E-3CD641F4CBBB}.Debug|x86.ActiveCfg = Debug|Any CPU
		{B0AD3E05-2751-467C-B71E-3CD641F4CBBB}.Debug|x86.Build.0 = Debug|Any CPU
		{B0AD3E05-2751-467C-B71E-3CD641F4CBBB}.Release|Any CPU.ActiveCfg = Release|Any CPU
		{B0AD3E05-2751-467C-B71E-3CD641F4CBBB}.Release|Any CPU.Build.0 = Release|Any CPU
		{B0AD3E05-2751-467C-B71E-3CD641F4CBBB}.Release|x64.ActiveCfg = Release|Any CPU
		{B0AD3E05-2751-467C-B71E-3CD641F4CBBB}.Release|x64.Build.0 = Release|Any CPU
		{B0AD3E05-2751-467C-B71E-3CD641F4CBBB}.Release|x86.ActiveCfg = Release|Any CPU
		{B0AD3E05-2751-467C-B71E-3CD641F4CBBB}.Release|x86.Build.0 = Release|Any CPU
	EndGlobalSection
	GlobalSection(SolutionProperties) = preSolution
		HideSolutionNode = FALSE
	EndGlobalSection
	GlobalSection(NestedProjects) = preSolution
		{B0AD3E05-2751-467C-B71E-3CD641F4CBBB} = {9E878D57-28E2-4B6A-A24D-42C95F7A4B7F}
	EndGlobalSection
	GlobalSection(ExtensibilityGlobals) = postSolution
		SolutionGuid = {5D85C85A-E9DB-4482-90CD-94C33836CC58}
	EndGlobalSection
EndGlobal
